// !$*UTF8*$!
{
	archiveVersion = 1;
	classes = {
	};
	objectVersion = 46;
	objects = {

/* Begin PBXBuildFile section */
		13016D6D19959EFB007EB3B7 /* MotionKitFramework.h in Headers */ = {isa = PBXBuildFile; fileRef = 13016D6C19959EFB007EB3B7 /* MotionKitFramework.h */; settings = {ATTRIBUTES = (Public, ); }; };
		13016D7919959EFB007EB3B7 /* MotionKitFrameworkTests.m in Sources */ = {isa = PBXBuildFile; fileRef = 13016D7819959EFB007EB3B7 /* MotionKitFrameworkTests.m */; };
		13016D7C19959EFC007EB3B7 /* MotionKitFramework.framework in Frameworks */ = {isa = PBXBuildFile; fileRef = 13016D6819959EFB007EB3B7 /* MotionKitFramework.framework */; };
		13016D7D19959EFC007EB3B7 /* MotionKitFramework.framework in Embed Frameworks */ = {isa = PBXBuildFile; fileRef = 13016D6819959EFB007EB3B7 /* MotionKitFramework.framework */; settings = {ATTRIBUTES = (CodeSignOnCopy, RemoveHeadersOnCopy, ); }; };
		13016D8619959F0C007EB3B7 /* MotionKit-universal.a in Frameworks */ = {isa = PBXBuildFile; fileRef = 13CEC71F19959E3000DA77EF /* MotionKit-universal.a */; };
		13016D8719959F15007EB3B7 /* libc++.dylib in Frameworks */ = {isa = PBXBuildFile; fileRef = 13CEC72119959EB100DA77EF /* libc++.dylib */; };
		13016D8819959F15007EB3B7 /* libc++abi.dylib in Frameworks */ = {isa = PBXBuildFile; fileRef = 13CEC72219959EB100DA77EF /* libc++abi.dylib */; };
		13016D8919959F1B007EB3B7 /* libstdc++.dylib in Frameworks */ = {isa = PBXBuildFile; fileRef = 13CEC72519959EB900DA77EF /* libstdc++.dylib */; };
		13016D8A19959F21007EB3B7 /* libicucore.dylib in Frameworks */ = {isa = PBXBuildFile; fileRef = 13CEC72719959EC100DA77EF /* libicucore.dylib */; };
		13CEC6DA19959D6B00DA77EF /* AppDelegate.swift in Sources */ = {isa = PBXBuildFile; fileRef = 13CEC6D919959D6B00DA77EF /* AppDelegate.swift */; };
		13CEC6DD19959D6B00DA77EF /* motion_kit.xcdatamodeld in Sources */ = {isa = PBXBuildFile; fileRef = 13CEC6DB19959D6B00DA77EF /* motion_kit.xcdatamodeld */; };
		13CEC6DF19959D6B00DA77EF /* MasterViewController.swift in Sources */ = {isa = PBXBuildFile; fileRef = 13CEC6DE19959D6B00DA77EF /* MasterViewController.swift */; };
		13CEC6E119959D6B00DA77EF /* DetailViewController.swift in Sources */ = {isa = PBXBuildFile; fileRef = 13CEC6E019959D6B00DA77EF /* DetailViewController.swift */; };
		13CEC6E419959D6B00DA77EF /* Main.storyboard in Resources */ = {isa = PBXBuildFile; fileRef = 13CEC6E219959D6B00DA77EF /* Main.storyboard */; };
		13CEC6E619959D6B00DA77EF /* Images.xcassets in Resources */ = {isa = PBXBuildFile; fileRef = 13CEC6E519959D6B00DA77EF /* Images.xcassets */; };
		13CEC6F219959D6C00DA77EF /* motion_kitTests.swift in Sources */ = {isa = PBXBuildFile; fileRef = 13CEC6F119959D6C00DA77EF /* motion_kitTests.swift */; };
		13CEC71119959DD400DA77EF /* motion_kit_frameworkTests.m in Sources */ = {isa = PBXBuildFile; fileRef = 13CEC71019959DD400DA77EF /* motion_kit_frameworkTests.m */; };
/* End PBXBuildFile section */

/* Begin PBXContainerItemProxy section */
		13016D7319959EFB007EB3B7 /* PBXContainerItemProxy */ = {
			isa = PBXContainerItemProxy;
			containerPortal = 13CEC6CC19959D6B00DA77EF /* Project object */;
			proxyType = 1;
			remoteGlobalIDString = 13CEC6D319959D6B00DA77EF;
			remoteInfo = "motion-kit";
		};
		13016D7A19959EFC007EB3B7 /* PBXContainerItemProxy */ = {
			isa = PBXContainerItemProxy;
			containerPortal = 13CEC6CC19959D6B00DA77EF /* Project object */;
			proxyType = 1;
			remoteGlobalIDString = 13016D6719959EFB007EB3B7;
			remoteInfo = MotionKitFramework;
		};
		13016D7E19959EFC007EB3B7 /* PBXContainerItemProxy */ = {
			isa = PBXContainerItemProxy;
			containerPortal = 13CEC6CC19959D6B00DA77EF /* Project object */;
			proxyType = 1;
			remoteGlobalIDString = 13016D6719959EFB007EB3B7;
			remoteInfo = MotionKitFramework;
		};
		13CEC6EC19959D6B00DA77EF /* PBXContainerItemProxy */ = {
			isa = PBXContainerItemProxy;
			containerPortal = 13CEC6CC19959D6B00DA77EF /* Project object */;
			proxyType = 1;
			remoteGlobalIDString = 13CEC6D319959D6B00DA77EF;
			remoteInfo = "motion-kit";
		};
		13CEC70B19959DD400DA77EF /* PBXContainerItemProxy */ = {
			isa = PBXContainerItemProxy;
			containerPortal = 13CEC6CC19959D6B00DA77EF /* Project object */;
			proxyType = 1;
			remoteGlobalIDString = 13CEC6D319959D6B00DA77EF;
			remoteInfo = "motion-kit";
		};
/* End PBXContainerItemProxy section */

/* Begin PBXCopyFilesBuildPhase section */
		13CEC71B19959DD400DA77EF /* Embed Frameworks */ = {
			isa = PBXCopyFilesBuildPhase;
			buildActionMask = 2147483647;
			dstPath = "";
			dstSubfolderSpec = 10;
			files = (
				13016D7D19959EFC007EB3B7 /* MotionKitFramework.framework in Embed Frameworks */,
			);
			name = "Embed Frameworks";
			runOnlyForDeploymentPostprocessing = 0;
		};
/* End PBXCopyFilesBuildPhase section */

/* Begin PBXFileReference section */
		13016D6819959EFB007EB3B7 /* MotionKitFramework.framework */ = {isa = PBXFileReference; explicitFileType = wrapper.framework; includeInIndex = 0; path = MotionKitFramework.framework; sourceTree = BUILT_PRODUCTS_DIR; };
		13016D6B19959EFB007EB3B7 /* Info.plist */ = {isa = PBXFileReference; lastKnownFileType = text.plist.xml; path = Info.plist; sourceTree = "<group>"; };
		13016D6C19959EFB007EB3B7 /* MotionKitFramework.h */ = {isa = PBXFileReference; lastKnownFileType = sourcecode.c.h; path = MotionKitFramework.h; sourceTree = "<group>"; };
		13016D7219959EFB007EB3B7 /* MotionKitFrameworkTests.xctest */ = {isa = PBXFileReference; explicitFileType = wrapper.cfbundle; includeInIndex = 0; path = MotionKitFrameworkTests.xctest; sourceTree = BUILT_PRODUCTS_DIR; };
		13016D7719959EFB007EB3B7 /* Info.plist */ = {isa = PBXFileReference; lastKnownFileType = text.plist.xml; path = Info.plist; sourceTree = "<group>"; };
		13016D7819959EFB007EB3B7 /* MotionKitFrameworkTests.m */ = {isa = PBXFileReference; lastKnownFileType = sourcecode.c.objc; path = MotionKitFrameworkTests.m; sourceTree = "<group>"; };
		13CEC6D419959D6B00DA77EF /* motion-kit.app */ = {isa = PBXFileReference; explicitFileType = wrapper.application; includeInIndex = 0; path = "motion-kit.app"; sourceTree = BUILT_PRODUCTS_DIR; };
		13CEC6D819959D6B00DA77EF /* Info.plist */ = {isa = PBXFileReference; lastKnownFileType = text.plist.xml; path = Info.plist; sourceTree = "<group>"; };
		13CEC6D919959D6B00DA77EF /* AppDelegate.swift */ = {isa = PBXFileReference; lastKnownFileType = sourcecode.swift; path = AppDelegate.swift; sourceTree = "<group>"; };
		13CEC6DC19959D6B00DA77EF /* motion_kit.xcdatamodel */ = {isa = PBXFileReference; lastKnownFileType = wrapper.xcdatamodel; path = motion_kit.xcdatamodel; sourceTree = "<group>"; };
		13CEC6DE19959D6B00DA77EF /* MasterViewController.swift */ = {isa = PBXFileReference; lastKnownFileType = sourcecode.swift; path = MasterViewController.swift; sourceTree = "<group>"; };
		13CEC6E019959D6B00DA77EF /* DetailViewController.swift */ = {isa = PBXFileReference; lastKnownFileType = sourcecode.swift; path = DetailViewController.swift; sourceTree = "<group>"; };
		13CEC6E319959D6B00DA77EF /* Base */ = {isa = PBXFileReference; lastKnownFileType = file.storyboard; name = Base; path = Base.lproj/Main.storyboard; sourceTree = "<group>"; };
		13CEC6E519959D6B00DA77EF /* Images.xcassets */ = {isa = PBXFileReference; lastKnownFileType = folder.assetcatalog; path = Images.xcassets; sourceTree = "<group>"; };
		13CEC6EB19959D6B00DA77EF /* motion-kitTests.xctest */ = {isa = PBXFileReference; explicitFileType = wrapper.cfbundle; includeInIndex = 0; path = "motion-kitTests.xctest"; sourceTree = BUILT_PRODUCTS_DIR; };
		13CEC6F019959D6C00DA77EF /* Info.plist */ = {isa = PBXFileReference; lastKnownFileType = text.plist.xml; path = Info.plist; sourceTree = "<group>"; };
		13CEC6F119959D6C00DA77EF /* motion_kitTests.swift */ = {isa = PBXFileReference; lastKnownFileType = sourcecode.swift; path = motion_kitTests.swift; sourceTree = "<group>"; };
		13CEC70319959DD300DA77EF /* Info.plist */ = {isa = PBXFileReference; lastKnownFileType = text.plist.xml; path = Info.plist; sourceTree = "<group>"; };
		13CEC70419959DD400DA77EF /* motion-kit-framework.h */ = {isa = PBXFileReference; lastKnownFileType = sourcecode.c.h; path = "motion-kit-framework.h"; sourceTree = "<group>"; };
		13CEC70A19959DD400DA77EF /* motion-kit-frameworkTests.xctest */ = {isa = PBXFileReference; explicitFileType = wrapper.cfbundle; includeInIndex = 0; path = "motion-kit-frameworkTests.xctest"; sourceTree = BUILT_PRODUCTS_DIR; };
		13CEC70F19959DD400DA77EF /* Info.plist */ = {isa = PBXFileReference; lastKnownFileType = text.plist.xml; path = Info.plist; sourceTree = "<group>"; };
		13CEC71019959DD400DA77EF /* motion_kit_frameworkTests.m */ = {isa = PBXFileReference; lastKnownFileType = sourcecode.c.objc; path = motion_kit_frameworkTests.m; sourceTree = "<group>"; };
		13CEC71F19959E3000DA77EF /* MotionKit-universal.a */ = {isa = PBXFileReference; lastKnownFileType = archive.ar; name = "MotionKit-universal.a"; path = "../build/MotionKit-universal.a"; sourceTree = "<group>"; };
		13CEC72119959EB100DA77EF /* libc++.dylib */ = {isa = PBXFileReference; lastKnownFileType = "compiled.mach-o.dylib"; name = "libc++.dylib"; path = "usr/lib/libc++.dylib"; sourceTree = SDKROOT; };
		13CEC72219959EB100DA77EF /* libc++abi.dylib */ = {isa = PBXFileReference; lastKnownFileType = "compiled.mach-o.dylib"; name = "libc++abi.dylib"; path = "usr/lib/libc++abi.dylib"; sourceTree = SDKROOT; };
		13CEC72519959EB900DA77EF /* libstdc++.dylib */ = {isa = PBXFileReference; lastKnownFileType = "compiled.mach-o.dylib"; name = "libstdc++.dylib"; path = "usr/lib/libstdc++.dylib"; sourceTree = SDKROOT; };
		13CEC72719959EC100DA77EF /* libicucore.dylib */ = {isa = PBXFileReference; lastKnownFileType = "compiled.mach-o.dylib"; name = libicucore.dylib; path = usr/lib/libicucore.dylib; sourceTree = SDKROOT; };
/* End PBXFileReference section */

/* Begin PBXFrameworksBuildPhase section */
		13016D6419959EFB007EB3B7 /* Frameworks */ = {
			isa = PBXFrameworksBuildPhase;
			buildActionMask = 2147483647;
			files = (
				13016D8A19959F21007EB3B7 /* libicucore.dylib in Frameworks */,
				13016D8919959F1B007EB3B7 /* libstdc++.dylib in Frameworks */,
				13016D8719959F15007EB3B7 /* libc++.dylib in Frameworks */,
				13016D8819959F15007EB3B7 /* libc++abi.dylib in Frameworks */,
				13016D8619959F0C007EB3B7 /* MotionKit-universal.a in Frameworks */,
			);
			runOnlyForDeploymentPostprocessing = 0;
		};
		13016D6F19959EFB007EB3B7 /* Frameworks */ = {
			isa = PBXFrameworksBuildPhase;
			buildActionMask = 2147483647;
			files = (
			);
			runOnlyForDeploymentPostprocessing = 0;
		};
		13CEC6D119959D6B00DA77EF /* Frameworks */ = {
			isa = PBXFrameworksBuildPhase;
			buildActionMask = 2147483647;
			files = (
				13016D7C19959EFC007EB3B7 /* MotionKitFramework.framework in Frameworks */,
			);
			runOnlyForDeploymentPostprocessing = 0;
		};
		13CEC6E819959D6B00DA77EF /* Frameworks */ = {
			isa = PBXFrameworksBuildPhase;
			buildActionMask = 2147483647;
			files = (
			);
			runOnlyForDeploymentPostprocessing = 0;
		};
		13CEC70719959DD400DA77EF /* Frameworks */ = {
			isa = PBXFrameworksBuildPhase;
			buildActionMask = 2147483647;
			files = (
			);
			runOnlyForDeploymentPostprocessing = 0;
		};
/* End PBXFrameworksBuildPhase section */

/* Begin PBXGroup section */
		13016D6919959EFB007EB3B7 /* MotionKitFramework */ = {
			isa = PBXGroup;
			children = (
				13016D6C19959EFB007EB3B7 /* MotionKitFramework.h */,
				13016D6A19959EFB007EB3B7 /* Supporting Files */,
			);
			path = MotionKitFramework;
			sourceTree = "<group>";
		};
		13016D6A19959EFB007EB3B7 /* Supporting Files */ = {
			isa = PBXGroup;
			children = (
				13016D6B19959EFB007EB3B7 /* Info.plist */,
			);
			name = "Supporting Files";
			sourceTree = "<group>";
		};
		13016D7519959EFB007EB3B7 /* MotionKitFrameworkTests */ = {
			isa = PBXGroup;
			children = (
				13016D7819959EFB007EB3B7 /* MotionKitFrameworkTests.m */,
				13016D7619959EFB007EB3B7 /* Supporting Files */,
			);
			path = MotionKitFrameworkTests;
			sourceTree = "<group>";
		};
		13016D7619959EFB007EB3B7 /* Supporting Files */ = {
			isa = PBXGroup;
			children = (
				13016D7719959EFB007EB3B7 /* Info.plist */,
			);
			name = "Supporting Files";
			sourceTree = "<group>";
		};
		13CEC6CB19959D6B00DA77EF = {
			isa = PBXGroup;
			children = (
				13CEC72719959EC100DA77EF /* libicucore.dylib */,
				13CEC72519959EB900DA77EF /* libstdc++.dylib */,
				13CEC72119959EB100DA77EF /* libc++.dylib */,
				13CEC72219959EB100DA77EF /* libc++abi.dylib */,
				13CEC71F19959E3000DA77EF /* MotionKit-universal.a */,
				13CEC6D619959D6B00DA77EF /* motion-kit */,
				13CEC6EE19959D6B00DA77EF /* motion-kitTests */,
				13CEC70119959DD300DA77EF /* motion-kit-framework */,
				13CEC70D19959DD400DA77EF /* motion-kit-frameworkTests */,
				13016D6919959EFB007EB3B7 /* MotionKitFramework */,
				13016D7519959EFB007EB3B7 /* MotionKitFrameworkTests */,
				13CEC6D519959D6B00DA77EF /* Products */,
			);
			sourceTree = "<group>";
		};
		13CEC6D519959D6B00DA77EF /* Products */ = {
			isa = PBXGroup;
			children = (
				13CEC6D419959D6B00DA77EF /* motion-kit.app */,
				13CEC6EB19959D6B00DA77EF /* motion-kitTests.xctest */,
				13CEC70A19959DD400DA77EF /* motion-kit-frameworkTests.xctest */,
				13016D6819959EFB007EB3B7 /* MotionKitFramework.framework */,
				13016D7219959EFB007EB3B7 /* MotionKitFrameworkTests.xctest */,
			);
			name = Products;
			sourceTree = "<group>";
		};
		13CEC6D619959D6B00DA77EF /* motion-kit */ = {
			isa = PBXGroup;
			children = (
				13CEC6D919959D6B00DA77EF /* AppDelegate.swift */,
				13CEC6DE19959D6B00DA77EF /* MasterViewController.swift */,
				13CEC6E019959D6B00DA77EF /* DetailViewController.swift */,
				13CEC6E219959D6B00DA77EF /* Main.storyboard */,
				13CEC6E519959D6B00DA77EF /* Images.xcassets */,
				13CEC6DB19959D6B00DA77EF /* motion_kit.xcdatamodeld */,
				13CEC6D719959D6B00DA77EF /* Supporting Files */,
			);
			path = "motion-kit";
			sourceTree = "<group>";
		};
		13CEC6D719959D6B00DA77EF /* Supporting Files */ = {
			isa = PBXGroup;
			children = (
				13CEC6D819959D6B00DA77EF /* Info.plist */,
			);
			name = "Supporting Files";
			sourceTree = "<group>";
		};
		13CEC6EE19959D6B00DA77EF /* motion-kitTests */ = {
			isa = PBXGroup;
			children = (
				13CEC6F119959D6C00DA77EF /* motion_kitTests.swift */,
				13CEC6EF19959D6C00DA77EF /* Supporting Files */,
			);
			path = "motion-kitTests";
			sourceTree = "<group>";
		};
		13CEC6EF19959D6C00DA77EF /* Supporting Files */ = {
			isa = PBXGroup;
			children = (
				13CEC6F019959D6C00DA77EF /* Info.plist */,
			);
			name = "Supporting Files";
			sourceTree = "<group>";
		};
		13CEC70119959DD300DA77EF /* motion-kit-framework */ = {
			isa = PBXGroup;
			children = (
				13CEC70419959DD400DA77EF /* motion-kit-framework.h */,
				13CEC70219959DD300DA77EF /* Supporting Files */,
			);
			path = "motion-kit-framework";
			sourceTree = "<group>";
		};
		13CEC70219959DD300DA77EF /* Supporting Files */ = {
			isa = PBXGroup;
			children = (
				13CEC70319959DD300DA77EF /* Info.plist */,
			);
			name = "Supporting Files";
			sourceTree = "<group>";
		};
		13CEC70D19959DD400DA77EF /* motion-kit-frameworkTests */ = {
			isa = PBXGroup;
			children = (
				13CEC71019959DD400DA77EF /* motion_kit_frameworkTests.m */,
				13CEC70E19959DD400DA77EF /* Supporting Files */,
			);
			path = "motion-kit-frameworkTests";
			sourceTree = "<group>";
		};
		13CEC70E19959DD400DA77EF /* Supporting Files */ = {
			isa = PBXGroup;
			children = (
				13CEC70F19959DD400DA77EF /* Info.plist */,
			);
			name = "Supporting Files";
			sourceTree = "<group>";
		};
/* End PBXGroup section */

/* Begin PBXHeadersBuildPhase section */
		13016D6519959EFB007EB3B7 /* Headers */ = {
			isa = PBXHeadersBuildPhase;
			buildActionMask = 2147483647;
			files = (
				13016D6D19959EFB007EB3B7 /* MotionKitFramework.h in Headers */,
			);
			runOnlyForDeploymentPostprocessing = 0;
		};
/* End PBXHeadersBuildPhase section */

/* Begin PBXNativeTarget section */
		13016D6719959EFB007EB3B7 /* MotionKitFramework */ = {
			isa = PBXNativeTarget;
			buildConfigurationList = 13016D8419959EFC007EB3B7 /* Build configuration list for PBXNativeTarget "MotionKitFramework" */;
			buildPhases = (
				13016D6319959EFB007EB3B7 /* Sources */,
				13016D6419959EFB007EB3B7 /* Frameworks */,
				13016D6519959EFB007EB3B7 /* Headers */,
				13016D6619959EFB007EB3B7 /* Resources */,
			);
			buildRules = (
			);
			dependencies = (
			);
			name = MotionKitFramework;
			productName = MotionKitFramework;
			productReference = 13016D6819959EFB007EB3B7 /* MotionKitFramework.framework */;
			productType = "com.apple.product-type.framework";
		};
		13016D7119959EFB007EB3B7 /* MotionKitFrameworkTests */ = {
			isa = PBXNativeTarget;
			buildConfigurationList = 13016D8519959EFC007EB3B7 /* Build configuration list for PBXNativeTarget "MotionKitFrameworkTests" */;
			buildPhases = (
				13016D6E19959EFB007EB3B7 /* Sources */,
				13016D6F19959EFB007EB3B7 /* Frameworks */,
				13016D7019959EFB007EB3B7 /* Resources */,
			);
			buildRules = (
			);
			dependencies = (
				13016D7419959EFB007EB3B7 /* PBXTargetDependency */,
			);
			name = MotionKitFrameworkTests;
			productName = MotionKitFrameworkTests;
			productReference = 13016D7219959EFB007EB3B7 /* MotionKitFrameworkTests.xctest */;
			productType = "com.apple.product-type.bundle.unit-test";
		};
		13CEC6D319959D6B00DA77EF /* motion-kit */ = {
			isa = PBXNativeTarget;
			buildConfigurationList = 13CEC6F519959D6C00DA77EF /* Build configuration list for PBXNativeTarget "motion-kit" */;
			buildPhases = (
				13CEC6D019959D6B00DA77EF /* Sources */,
				13CEC6D119959D6B00DA77EF /* Frameworks */,
				13CEC6D219959D6B00DA77EF /* Resources */,
				13CEC71B19959DD400DA77EF /* Embed Frameworks */,
			);
			buildRules = (
			);
			dependencies = (
				13016D7B19959EFC007EB3B7 /* PBXTargetDependency */,
				13016D7F19959EFC007EB3B7 /* PBXTargetDependency */,
			);
			name = "motion-kit";
			productName = "motion-kit";
			productReference = 13CEC6D419959D6B00DA77EF /* motion-kit.app */;
			productType = "com.apple.product-type.application";
		};
		13CEC6EA19959D6B00DA77EF /* motion-kitTests */ = {
			isa = PBXNativeTarget;
			buildConfigurationList = 13CEC6F819959D6C00DA77EF /* Build configuration list for PBXNativeTarget "motion-kitTests" */;
			buildPhases = (
				13CEC6E719959D6B00DA77EF /* Sources */,
				13CEC6E819959D6B00DA77EF /* Frameworks */,
				13CEC6E919959D6B00DA77EF /* Resources */,
			);
			buildRules = (
			);
			dependencies = (
				13CEC6ED19959D6B00DA77EF /* PBXTargetDependency */,
			);
			name = "motion-kitTests";
			productName = "motion-kitTests";
			productReference = 13CEC6EB19959D6B00DA77EF /* motion-kitTests.xctest */;
			productType = "com.apple.product-type.bundle.unit-test";
		};
		13CEC70919959DD400DA77EF /* motion-kit-frameworkTests */ = {
			isa = PBXNativeTarget;
			buildConfigurationList = 13CEC71C19959DD400DA77EF /* Build configuration list for PBXNativeTarget "motion-kit-frameworkTests" */;
			buildPhases = (
				13CEC70619959DD400DA77EF /* Sources */,
				13CEC70719959DD400DA77EF /* Frameworks */,
				13CEC70819959DD400DA77EF /* Resources */,
			);
			buildRules = (
			);
			dependencies = (
				13CEC70C19959DD400DA77EF /* PBXTargetDependency */,
			);
			name = "motion-kit-frameworkTests";
			productName = "motion-kit-frameworkTests";
			productReference = 13CEC70A19959DD400DA77EF /* motion-kit-frameworkTests.xctest */;
			productType = "com.apple.product-type.bundle.unit-test";
		};
/* End PBXNativeTarget section */

/* Begin PBXProject section */
		13CEC6CC19959D6B00DA77EF /* Project object */ = {
			isa = PBXProject;
			attributes = {
				LastUpgradeCheck = 0600;
				ORGANIZATIONNAME = "Big Bear Labs";
				TargetAttributes = {
					13016D6719959EFB007EB3B7 = {
						CreatedOnToolsVersion = 6.0;
					};
					13016D7119959EFB007EB3B7 = {
						CreatedOnToolsVersion = 6.0;
						TestTargetID = 13CEC6D319959D6B00DA77EF;
					};
					13CEC6D319959D6B00DA77EF = {
						CreatedOnToolsVersion = 6.0;
					};
					13CEC6EA19959D6B00DA77EF = {
						CreatedOnToolsVersion = 6.0;
						TestTargetID = 13CEC6D319959D6B00DA77EF;
					};
					13CEC70919959DD400DA77EF = {
						CreatedOnToolsVersion = 6.0;
						TestTargetID = 13CEC6D319959D6B00DA77EF;
					};
				};
			};
			buildConfigurationList = 13CEC6CF19959D6B00DA77EF /* Build configuration list for PBXProject "motion-kit" */;
			compatibilityVersion = "Xcode 3.2";
			developmentRegion = English;
			hasScannedForEncodings = 0;
			knownRegions = (
				en,
				Base,
			);
			mainGroup = 13CEC6CB19959D6B00DA77EF;
			productRefGroup = 13CEC6D519959D6B00DA77EF /* Products */;
			projectDirPath = "";
			projectRoot = "";
			targets = (
				13CEC6D319959D6B00DA77EF /* motion-kit */,
				13CEC6EA19959D6B00DA77EF /* motion-kitTests */,
				13CEC70919959DD400DA77EF /* motion-kit-frameworkTests */,
				13016D6719959EFB007EB3B7 /* MotionKitFramework */,
				13016D7119959EFB007EB3B7 /* MotionKitFrameworkTests */,
			);
		};
/* End PBXProject section */

/* Begin PBXResourcesBuildPhase section */
		13016D6619959EFB007EB3B7 /* Resources */ = {
			isa = PBXResourcesBuildPhase;
			buildActionMask = 2147483647;
			files = (
			);
			runOnlyForDeploymentPostprocessing = 0;
		};
		13016D7019959EFB007EB3B7 /* Resources */ = {
			isa = PBXResourcesBuildPhase;
			buildActionMask = 2147483647;
			files = (
			);
			runOnlyForDeploymentPostprocessing = 0;
		};
		13CEC6D219959D6B00DA77EF /* Resources */ = {
			isa = PBXResourcesBuildPhase;
			buildActionMask = 2147483647;
			files = (
				13CEC6E419959D6B00DA77EF /* Main.storyboard in Resources */,
				13CEC6E619959D6B00DA77EF /* Images.xcassets in Resources */,
			);
			runOnlyForDeploymentPostprocessing = 0;
		};
		13CEC6E919959D6B00DA77EF /* Resources */ = {
			isa = PBXResourcesBuildPhase;
			buildActionMask = 2147483647;
			files = (
			);
			runOnlyForDeploymentPostprocessing = 0;
		};
		13CEC70819959DD400DA77EF /* Resources */ = {
			isa = PBXResourcesBuildPhase;
			buildActionMask = 2147483647;
			files = (
			);
			runOnlyForDeploymentPostprocessing = 0;
		};
/* End PBXResourcesBuildPhase section */

/* Begin PBXSourcesBuildPhase section */
		13016D6319959EFB007EB3B7 /* Sources */ = {
			isa = PBXSourcesBuildPhase;
			buildActionMask = 2147483647;
			files = (
			);
			runOnlyForDeploymentPostprocessing = 0;
		};
		13016D6E19959EFB007EB3B7 /* Sources */ = {
			isa = PBXSourcesBuildPhase;
			buildActionMask = 2147483647;
			files = (
				13016D7919959EFB007EB3B7 /* MotionKitFrameworkTests.m in Sources */,
			);
			runOnlyForDeploymentPostprocessing = 0;
		};
		13CEC6D019959D6B00DA77EF /* Sources */ = {
			isa = PBXSourcesBuildPhase;
			buildActionMask = 2147483647;
			files = (
				13CEC6DD19959D6B00DA77EF /* motion_kit.xcdatamodeld in Sources */,
				13CEC6DA19959D6B00DA77EF /* AppDelegate.swift in Sources */,
				13CEC6DF19959D6B00DA77EF /* MasterViewController.swift in Sources */,
				13CEC6E119959D6B00DA77EF /* DetailViewController.swift in Sources */,
			);
			runOnlyForDeploymentPostprocessing = 0;
		};
		13CEC6E719959D6B00DA77EF /* Sources */ = {
			isa = PBXSourcesBuildPhase;
			buildActionMask = 2147483647;
			files = (
				13CEC6F219959D6C00DA77EF /* motion_kitTests.swift in Sources */,
			);
			runOnlyForDeploymentPostprocessing = 0;
		};
		13CEC70619959DD400DA77EF /* Sources */ = {
			isa = PBXSourcesBuildPhase;
			buildActionMask = 2147483647;
			files = (
				13CEC71119959DD400DA77EF /* motion_kit_frameworkTests.m in Sources */,
			);
			runOnlyForDeploymentPostprocessing = 0;
		};
/* End PBXSourcesBuildPhase section */

/* Begin PBXTargetDependency section */
		13016D7419959EFB007EB3B7 /* PBXTargetDependency */ = {
			isa = PBXTargetDependency;
			target = 13CEC6D319959D6B00DA77EF /* motion-kit */;
			targetProxy = 13016D7319959EFB007EB3B7 /* PBXContainerItemProxy */;
		};
		13016D7B19959EFC007EB3B7 /* PBXTargetDependency */ = {
			isa = PBXTargetDependency;
			target = 13016D6719959EFB007EB3B7 /* MotionKitFramework */;
			targetProxy = 13016D7A19959EFC007EB3B7 /* PBXContainerItemProxy */;
		};
		13016D7F19959EFC007EB3B7 /* PBXTargetDependency */ = {
			isa = PBXTargetDependency;
			target = 13016D6719959EFB007EB3B7 /* MotionKitFramework */;
			targetProxy = 13016D7E19959EFC007EB3B7 /* PBXContainerItemProxy */;
		};
		13CEC6ED19959D6B00DA77EF /* PBXTargetDependency */ = {
			isa = PBXTargetDependency;
			target = 13CEC6D319959D6B00DA77EF /* motion-kit */;
			targetProxy = 13CEC6EC19959D6B00DA77EF /* PBXContainerItemProxy */;
		};
		13CEC70C19959DD400DA77EF /* PBXTargetDependency */ = {
			isa = PBXTargetDependency;
			target = 13CEC6D319959D6B00DA77EF /* motion-kit */;
			targetProxy = 13CEC70B19959DD400DA77EF /* PBXContainerItemProxy */;
		};
/* End PBXTargetDependency section */

/* Begin PBXVariantGroup section */
		13CEC6E219959D6B00DA77EF /* Main.storyboard */ = {
			isa = PBXVariantGroup;
			children = (
				13CEC6E319959D6B00DA77EF /* Base */,
			);
			name = Main.storyboard;
			sourceTree = "<group>";
		};
/* End PBXVariantGroup section */

/* Begin XCBuildConfiguration section */
		13016D8019959EFC007EB3B7 /* Debug */ = {
			isa = XCBuildConfiguration;
			buildSettings = {
				CURRENT_PROJECT_VERSION = 1;
				DEFINES_MODULE = YES;
				DYLIB_COMPATIBILITY_VERSION = 1;
				DYLIB_CURRENT_VERSION = 1;
				DYLIB_INSTALL_NAME_BASE = "@rpath";
				GCC_PREPROCESSOR_DEFINITIONS = (
					"DEBUG=1",
					"$(inherited)",
				);
				INFOPLIST_FILE = MotionKitFramework/Info.plist;
				INSTALL_PATH = "$(LOCAL_LIBRARY_DIR)/Frameworks";
				LD_RUNPATH_SEARCH_PATHS = "$(inherited) @executable_path/Frameworks @loader_path/Frameworks";
				LIBRARY_SEARCH_PATHS = (
					"$(inherited)",
					"/Users/ilo-robbie/dev/src/bigbearlabs/motion-kit/build",
				);
				PRODUCT_NAME = "$(TARGET_NAME)";
				SKIP_INSTALL = YES;
				VERSIONING_SYSTEM = "apple-generic";
				VERSION_INFO_PREFIX = "";
			};
			name = Debug;
		};
		13016D8119959EFC007EB3B7 /* Release */ = {
			isa = XCBuildConfiguration;
			buildSettings = {
				CURRENT_PROJECT_VERSION = 1;
				DEFINES_MODULE = YES;
				DYLIB_COMPATIBILITY_VERSION = 1;
				DYLIB_CURRENT_VERSION = 1;
				DYLIB_INSTALL_NAME_BASE = "@rpath";
				INFOPLIST_FILE = MotionKitFramework/Info.plist;
				INSTALL_PATH = "$(LOCAL_LIBRARY_DIR)/Frameworks";
				LD_RUNPATH_SEARCH_PATHS = "$(inherited) @executable_path/Frameworks @loader_path/Frameworks";
				LIBRARY_SEARCH_PATHS = (
					"$(inherited)",
					"/Users/ilo-robbie/dev/src/bigbearlabs/motion-kit/build",
				);
				PRODUCT_NAME = "$(TARGET_NAME)";
				SKIP_INSTALL = YES;
				VERSIONING_SYSTEM = "apple-generic";
				VERSION_INFO_PREFIX = "";
			};
			name = Release;
		};
		13016D8219959EFC007EB3B7 /* Debug */ = {
			isa = XCBuildConfiguration;
			buildSettings = {
				FRAMEWORK_SEARCH_PATHS = (
					"$(SDKROOT)/Developer/Library/Frameworks",
					"$(inherited)",
				);
				GCC_PREPROCESSOR_DEFINITIONS = (
					"DEBUG=1",
					"$(inherited)",
				);
				INFOPLIST_FILE = MotionKitFrameworkTests/Info.plist;
				LD_RUNPATH_SEARCH_PATHS = "$(inherited) @executable_path/Frameworks @loader_path/Frameworks";
				PRODUCT_NAME = "$(TARGET_NAME)";
				TEST_HOST = "$(BUILT_PRODUCTS_DIR)/motion-kit.app/motion-kit";
			};
			name = Debug;
		};
		13016D8319959EFC007EB3B7 /* Release */ = {
			isa = XCBuildConfiguration;
			buildSettings = {
				FRAMEWORK_SEARCH_PATHS = (
					"$(SDKROOT)/Developer/Library/Frameworks",
					"$(inherited)",
				);
				INFOPLIST_FILE = MotionKitFrameworkTests/Info.plist;
				LD_RUNPATH_SEARCH_PATHS = "$(inherited) @executable_path/Frameworks @loader_path/Frameworks";
				PRODUCT_NAME = "$(TARGET_NAME)";
				TEST_HOST = "$(BUILT_PRODUCTS_DIR)/motion-kit.app/motion-kit";
			};
			name = Release;
		};
		13CEC6F319959D6C00DA77EF /* Debug */ = {
			isa = XCBuildConfiguration;
			buildSettings = {
				ALWAYS_SEARCH_USER_PATHS = NO;
				CLANG_CXX_LANGUAGE_STANDARD = "gnu++0x";
				CLANG_CXX_LIBRARY = "libc++";
				CLANG_ENABLE_MODULES = YES;
				CLANG_ENABLE_OBJC_ARC = YES;
				CLANG_WARN_BOOL_CONVERSION = YES;
				CLANG_WARN_CONSTANT_CONVERSION = YES;
				CLANG_WARN_DIRECT_OBJC_ISA_USAGE = YES_ERROR;
				CLANG_WARN_EMPTY_BODY = YES;
				CLANG_WARN_ENUM_CONVERSION = YES;
				CLANG_WARN_INT_CONVERSION = YES;
				CLANG_WARN_OBJC_ROOT_CLASS = YES_ERROR;
				CLANG_WARN_UNREACHABLE_CODE = YES;
				CLANG_WARN__DUPLICATE_METHOD_MATCH = YES;
				"CODE_SIGN_IDENTITY[sdk=iphoneos*]" = "iPhone Developer";
				COPY_PHASE_STRIP = NO;
				ENABLE_STRICT_OBJC_MSGSEND = YES;
				GCC_C_LANGUAGE_STANDARD = gnu99;
				GCC_DYNAMIC_NO_PIC = NO;
				GCC_OPTIMIZATION_LEVEL = 0;
				GCC_PREPROCESSOR_DEFINITIONS = (
					"DEBUG=1",
					"$(inherited)",
				);
				GCC_SYMBOLS_PRIVATE_EXTERN = NO;
				GCC_WARN_64_TO_32_BIT_CONVERSION = YES;
				GCC_WARN_ABOUT_RETURN_TYPE = YES_ERROR;
				GCC_WARN_UNDECLARED_SELECTOR = YES;
				GCC_WARN_UNINITIALIZED_AUTOS = YES_AGGRESSIVE;
				GCC_WARN_UNUSED_FUNCTION = YES;
				GCC_WARN_UNUSED_VARIABLE = YES;
				IPHONEOS_DEPLOYMENT_TARGET = 8.0;
				MTL_ENABLE_DEBUG_INFO = YES;
				ONLY_ACTIVE_ARCH = YES;
				SDKROOT = iphoneos;
				SWIFT_OPTIMIZATION_LEVEL = "-Onone";
				TARGETED_DEVICE_FAMILY = "1,2";
			};
			name = Debug;
		};
		13CEC6F419959D6C00DA77EF /* Release */ = {
			isa = XCBuildConfiguration;
			buildSettings = {
				ALWAYS_SEARCH_USER_PATHS = NO;
				CLANG_CXX_LANGUAGE_STANDARD = "gnu++0x";
				CLANG_CXX_LIBRARY = "libc++";
				CLANG_ENABLE_MODULES = YES;
				CLANG_ENABLE_OBJC_ARC = YES;
				CLANG_WARN_BOOL_CONVERSION = YES;
				CLANG_WARN_CONSTANT_CONVERSION = YES;
				CLANG_WARN_DIRECT_OBJC_ISA_USAGE = YES_ERROR;
				CLANG_WARN_EMPTY_BODY = YES;
				CLANG_WARN_ENUM_CONVERSION = YES;
				CLANG_WARN_INT_CONVERSION = YES;
				CLANG_WARN_OBJC_ROOT_CLASS = YES_ERROR;
				CLANG_WARN_UNREACHABLE_CODE = YES;
				CLANG_WARN__DUPLICATE_METHOD_MATCH = YES;
				"CODE_SIGN_IDENTITY[sdk=iphoneos*]" = "iPhone Developer";
				COPY_PHASE_STRIP = YES;
				ENABLE_NS_ASSERTIONS = NO;
				ENABLE_STRICT_OBJC_MSGSEND = YES;
				GCC_C_LANGUAGE_STANDARD = gnu99;
				GCC_WARN_64_TO_32_BIT_CONVERSION = YES;
				GCC_WARN_ABOUT_RETURN_TYPE = YES_ERROR;
				GCC_WARN_UNDECLARED_SELECTOR = YES;
				GCC_WARN_UNINITIALIZED_AUTOS = YES_AGGRESSIVE;
				GCC_WARN_UNUSED_FUNCTION = YES;
				GCC_WARN_UNUSED_VARIABLE = YES;
				IPHONEOS_DEPLOYMENT_TARGET = 8.0;
				MTL_ENABLE_DEBUG_INFO = NO;
				SDKROOT = iphoneos;
				TARGETED_DEVICE_FAMILY = "1,2";
				VALIDATE_PRODUCT = YES;
			};
			name = Release;
		};
		13CEC6F619959D6C00DA77EF /* Debug */ = {
			isa = XCBuildConfiguration;
			buildSettings = {
				ASSETCATALOG_COMPILER_APPICON_NAME = AppIcon;
				ASSETCATALOG_COMPILER_LAUNCHIMAGE_NAME = LaunchImage;
				INFOPLIST_FILE = "motion-kit/Info.plist";
				LD_RUNPATH_SEARCH_PATHS = "$(inherited) @executable_path/Frameworks";
				PRODUCT_NAME = "$(TARGET_NAME)";
			};
			name = Debug;
		};
		13CEC6F719959D6C00DA77EF /* Release */ = {
			isa = XCBuildConfiguration;
			buildSettings = {
				ASSETCATALOG_COMPILER_APPICON_NAME = AppIcon;
				ASSETCATALOG_COMPILER_LAUNCHIMAGE_NAME = LaunchImage;
				INFOPLIST_FILE = "motion-kit/Info.plist";
				LD_RUNPATH_SEARCH_PATHS = "$(inherited) @executable_path/Frameworks";
				PRODUCT_NAME = "$(TARGET_NAME)";
			};
			name = Release;
		};
		13CEC6F919959D6C00DA77EF /* Debug */ = {
			isa = XCBuildConfiguration;
			buildSettings = {
				BUNDLE_LOADER = "$(TEST_HOST)";
				FRAMEWORK_SEARCH_PATHS = (
					"$(SDKROOT)/Developer/Library/Frameworks",
					"$(inherited)",
				);
				GCC_PREPROCESSOR_DEFINITIONS = (
					"DEBUG=1",
					"$(inherited)",
				);
				INFOPLIST_FILE = "motion-kitTests/Info.plist";
				LD_RUNPATH_SEARCH_PATHS = "$(inherited) @executable_path/Frameworks @loader_path/Frameworks";
				PRODUCT_NAME = "$(TARGET_NAME)";
				TEST_HOST = "$(BUILT_PRODUCTS_DIR)/motion-kit.app/motion-kit";
			};
			name = Debug;
		};
		13CEC6FA19959D6C00DA77EF /* Release */ = {
			isa = XCBuildConfiguration;
			buildSettings = {
				BUNDLE_LOADER = "$(TEST_HOST)";
				FRAMEWORK_SEARCH_PATHS = (
					"$(SDKROOT)/Developer/Library/Frameworks",
					"$(inherited)",
				);
				INFOPLIST_FILE = "motion-kitTests/Info.plist";
				LD_RUNPATH_SEARCH_PATHS = "$(inherited) @executable_path/Frameworks @loader_path/Frameworks";
				PRODUCT_NAME = "$(TARGET_NAME)";
				TEST_HOST = "$(BUILT_PRODUCTS_DIR)/motion-kit.app/motion-kit";
			};
			name = Release;
		};
		13CEC71D19959DD400DA77EF /* Debug */ = {
			isa = XCBuildConfiguration;
			buildSettings = {
				FRAMEWORK_SEARCH_PATHS = (
					"$(SDKROOT)/Developer/Library/Frameworks",
					"$(inherited)",
				);
				GCC_PREPROCESSOR_DEFINITIONS = (
					"DEBUG=1",
					"$(inherited)",
				);
				INFOPLIST_FILE = "motion-kit-frameworkTests/Info.plist";
				LD_RUNPATH_SEARCH_PATHS = "$(inherited) @executable_path/Frameworks @loader_path/Frameworks";
				PRODUCT_NAME = "$(TARGET_NAME)";
				TEST_HOST = "$(BUILT_PRODUCTS_DIR)/motion-kit.app/motion-kit";
			};
			name = Debug;
		};
		13CEC71E19959DD400DA77EF /* Release */ = {
			isa = XCBuildConfiguration;
			buildSettings = {
				FRAMEWORK_SEARCH_PATHS = (
					"$(SDKROOT)/Developer/Library/Frameworks",
					"$(inherited)",
				);
				INFOPLIST_FILE = "motion-kit-frameworkTests/Info.plist";
				LD_RUNPATH_SEARCH_PATHS = "$(inherited) @executable_path/Frameworks @loader_path/Frameworks";
				PRODUCT_NAME = "$(TARGET_NAME)";
				TEST_HOST = "$(BUILT_PRODUCTS_DIR)/motion-kit.app/motion-kit";
			};
			name = Release;
		};
/* End XCBuildConfiguration section */

/* Begin XCConfigurationList section */
		13016D8419959EFC007EB3B7 /* Build configuration list for PBXNativeTarget "MotionKitFramework" */ = {
			isa = XCConfigurationList;
			buildConfigurations = (
				13016D8019959EFC007EB3B7 /* Debug */,
				13016D8119959EFC007EB3B7 /* Release */,
			);
			defaultConfigurationIsVisible = 0;
		};
		13016D8519959EFC007EB3B7 /* Build configuration list for PBXNativeTarget "MotionKitFrameworkTests" */ = {
			isa = XCConfigurationList;
			buildConfigurations = (
				13016D8219959EFC007EB3B7 /* Debug */,
				13016D8319959EFC007EB3B7 /* Release */,
			);
			defaultConfigurationIsVisible = 0;
		};
		13CEC6CF19959D6B00DA77EF /* Build configuration list for PBXProject "motion-kit" */ = {
			isa = XCConfigurationList;
			buildConfigurations = (
				13CEC6F319959D6C00DA77EF /* Debug */,
				13CEC6F419959D6C00DA77EF /* Release */,
			);
			defaultConfigurationIsVisible = 0;
			defaultConfigurationName = Release;
		};
		13CEC6F519959D6C00DA77EF /* Build configuration list for PBXNativeTarget "motion-kit" */ = {
			isa = XCConfigurationList;
			buildConfigurations = (
				13CEC6F619959D6C00DA77EF /* Debug */,
				13CEC6F719959D6C00DA77EF /* Release */,
			);
			defaultConfigurationIsVisible = 0;
			defaultConfigurationName = Release;
		};
		13CEC6F819959D6C00DA77EF /* Build configuration list for PBXNativeTarget "motion-kitTests" */ = {
			isa = XCConfigurationList;
			buildConfigurations = (
				13CEC6F919959D6C00DA77EF /* Debug */,
				13CEC6FA19959D6C00DA77EF /* Release */,
			);
			defaultConfigurationIsVisible = 0;
			defaultConfigurationName = Release;
		};
		13CEC71C19959DD400DA77EF /* Build configuration list for PBXNativeTarget "motion-kit-frameworkTests" */ = {
			isa = XCConfigurationList;
			buildConfigurations = (
				13CEC71D19959DD400DA77EF /* Debug */,
				13CEC71E19959DD400DA77EF /* Release */,
			);
			defaultConfigurationIsVisible = 0;
			defaultConfigurationName = Release;
		};
/* End XCConfigurationList section */

/* Begin XCVersionGroup section */
		13CEC6DB19959D6B00DA77EF /* motion_kit.xcdatamodeld */ = {
			isa = XCVersionGroup;
			children = (
				13CEC6DC19959D6B00DA77EF /* motion_kit.xcdatamodel */,
			);
			currentVersion = 13CEC6DC19959D6B00DA77EF /* motion_kit.xcdatamodel */;
			path = motion_kit.xcdatamodeld;
			sourceTree = "<group>";
			versionGroupType = wrapper.xcdatamodel;
		};
/* End XCVersionGroup section */
	};
	rootObject = 13CEC6CC19959D6B00DA77EF /* Project object */;
}
